
Microsoft Visual Studio Solution File, Format Version 11.00
# Visual Studio 2010
Project("{FAE04EC0-301F-11D3-BF4B-00C04F79EFBC}") = "Assembly-CSharp", "Assembly-CSharp.csproj", "{933EBECF-A44C-EFCD-42E9-12DC39F9B74B}"
EndProject
Project("{FAE04EC0-301F-11D3-BF4B-00C04F79EFBC}") = "Assembly-CSharp-Editor", "Assembly-CSharp-Editor.csproj", "{3DDEDFB1-3496-59DE-4711-DD0A3BCD2C64}"
EndProject
Global
	GlobalSection(SolutionConfigurationPlatforms) = preSolution
		Debug|Any CPU = Debug|Any CPU
		Release|Any CPU = Release|Any CPU
	EndGlobalSection
	GlobalSection(ProjectConfigurationPlatforms) = postSolution
		{933EBECF-A44C-EFCD-42E9-12DC39F9B74B}.Debug|Any CPU.ActiveCfg = Debug|Any CPU
		{933EBECF-A44C-EFCD-42E9-12DC39F9B74B}.Debug|Any CPU.Build.0 = Debug|Any CPU
		{933EBECF-A44C-EFCD-42E9-12DC39F9B74B}.Release|Any CPU.ActiveCfg = Release|Any CPU
		{933EBECF-A44C-EFCD-42E9-12DC39F9B74B}.Release|Any CPU.Build.0 = Release|Any CPU
		{3DDEDFB1-3496-59DE-4711-DD0A3BCD2C64}.Debug|Any CPU.ActiveCfg = Debug|Any CPU
		{3DDEDFB1-3496-59DE-4711-DD0A3BCD2C64}.Debug|Any CPU.Build.0 = Debug|Any CPU
		{3DDEDFB1-3496-59DE-4711-DD0A3BCD2C64}.Release|Any CPU.ActiveCfg = Release|Any CPU
		{3DDEDFB1-3496-59DE-4711-DD0A3BCD2C64}.Release|Any CPU.Build.0 = Release|Any CPU
	EndGlobalSection
	GlobalSection(SolutionProperties) = preSolution
		HideSolutionNode = FALSE
	EndGlobalSection
EndGlobal
